# Exact runtime dependency set for Vitals.
# Frozen with `pip freeze` from a Python 3.12 virtualenv with bnbagent==0.5.0
# installed; test-only tools (pytest, iniconfig, pluggy, packaging, Pygments)
# are left out. This is the complete closure, so deploy/install.sh installs it
# with `pip install --no-deps -r requirements.lock` and then runs `pip check`.
aiohappyeyeballs==2.7.1
aiohttp==3.14.4
aiosignal==1.4.0
annotated-types==0.8.0
attrs==26.1.0
bitarray==3.11.0
bnbagent==0.5.0
certifi==2026.7.22
charset-normalizer==3.5.2
ckzg==2.1.8
cytoolz==1.1.0
eth-account==0.13.7
eth-hash==0.8.0
eth-keyfile==0.8.1
eth-keys==0.8.0
eth-rlp==3.0.0
eth-typing==6.0.0
eth-utils==6.0.0
eth_abi==6.0.0
frozenlist==1.8.0
hexbytes==2.0.0
idna==3.20
multidict==6.9.1
parsimonious==0.10.0
propcache==0.5.4
pycryptodome==3.24.0
pydantic==2.13.5
pydantic_core==2.46.5
python-dotenv==1.2.4
pyunormalize==18.0.0
regex==2026.9.29
requests==2.34.2
rlp==5.0.0
toolz==1.2.0
types-requests==2.33.0.20261006
typing-inspection==0.4.4
typing_extensions==4.16.0
urllib3==2.8.0
web3==7.16.0
websockets==15.0.1
yarl==1.25.1
